
Microsoft Visual Studio Solution File, Format Version 12.00
# Visual Studio 15
VisualStudioVersion = 15.0.28307.489
MinimumVisualStudioVersion = 10.0.40219.1
Project("{FAE04EC0-301F-11D3-BF4B-00C04F79EFBC}") = "feladat_01_from", "feladat_01_from\feladat_01_from.csproj", "{EDAFC51C-C52D-469A-9891-9A006888AD32}"
EndProject
Global
	GlobalSection(SolutionConfigurationPlatforms) = preSolution
		Debug|Any CPU = Debug|Any CPU
		Release|Any CPU = Release|Any CPU
	EndGlobalSection
	GlobalSection(ProjectConfigurationPlatforms) = postSolution
		{EDAFC51C-C52D-469A-9891-9A006888AD32}.Debug|Any CPU.ActiveCfg = Debug|Any CPU
		{EDAFC51C-C52D-469A-9891-9A006888AD32}.Debug|Any CPU.Build.0 = Debug|Any CPU
		{EDAFC51C-C52D-469A-9891-9A006888AD32}.Release|Any CPU.ActiveCfg = Release|Any CPU
		{EDAFC51C-C52D-469A-9891-9A006888AD32}.Release|Any CPU.Build.0 = Release|Any CPU
	EndGlobalSection
	GlobalSection(SolutionProperties) = preSolution
		HideSolutionNode = FALSE
	EndGlobalSection
	GlobalSection(ExtensibilityGlobals) = postSolution
		SolutionGuid = {06D8955B-F9EF-46E7-B1CA-041B4C322F5B}
	EndGlobalSection
EndGlobal
